
Microsoft Visual Studio Solution File, Format Version 12.00
# Visual Studio Version 17
VisualStudioVersion = 17.8.34525.116
MinimumVisualStudioVersion = 10.0.40219.1
Project("{FAE04EC0-301F-11D3-BF4B-00C04F79EFBC}") = "IOCServiceCollection", "IOCServiceCollection\IOCServiceCollection.csproj", "{BEF81C99-BC10-4744-8926-0CABDABAF6B6}"
EndProject
Global
	GlobalSection(SolutionConfigurationPlatforms) = preSolution
		Debug|Any CPU = Debug|Any CPU
		Release|Any CPU = Release|Any CPU
	EndGlobalSection
	GlobalSection(ProjectConfigurationPlatforms) = postSolution
		{BEF81C99-BC10-4744-8926-0CABDABAF6B6}.Debug|Any CPU.ActiveCfg = Debug|Any CPU
		{BEF81C99-BC10-4744-8926-0CABDABAF6B6}.Debug|Any CPU.Build.0 = Debug|Any CPU
		{BEF81C99-BC10-4744-8926-0CABDABAF6B6}.Release|Any CPU.ActiveCfg = Release|Any CPU
		{BEF81C99-BC10-4744-8926-0CABDABAF6B6}.Release|Any CPU.Build.0 = Release|Any CPU
	EndGlobalSection
	GlobalSection(SolutionProperties) = preSolution
		HideSolutionNode = FALSE
	EndGlobalSection
	GlobalSection(ExtensibilityGlobals) = postSolution
		SolutionGuid = {8E163D39-27B2-462D-B80B-FB44AB09946B}
	EndGlobalSection
EndGlobal
